// !$*UTF8*$!
{
	archiveVersion = 1;
	classes = {
	};
	objectVersion = 77;
	objects = {

/* Begin PBXContainerItemProxy section */
		0B8D403C2FBF362100073B82 /* PBXContainerItemProxy */ = {
			isa = PBXContainerItemProxy;
			containerPortal = 0B8D40262FBF361F00073B82 /* Project object */;
			proxyType = 1;
			remoteGlobalIDString = 0B8D402D2FBF361F00073B82;
			remoteInfo = ISOAssignment1;
		};
		0B8D40462FBF362100073B82 /* PBXContainerItemProxy */ = {
			isa = PBXContainerItemProxy;
			containerPortal = 0B8D40262FBF361F00073B82 /* Project object */;
			proxyType = 1;
			remoteGlobalIDString = 0B8D402D2FBF361F00073B82;
			remoteInfo = ISOAssignment1;
		};
/* End PBXContainerItemProxy section */

/* Begin PBXFileReference section */
		0B8D402E2FBF361F00073B82 /* ISOAssignment1.app */ = {isa = PBXFileReference; explicitFileType = wrapper.application; includeInIndex = 0; path = ISOAssignment1.app; sourceTree = BUILT_PRODUCTS_DIR; };
		0B8D403B2FBF362100073B82 /* ISOAssignment1Tests.xctest */ = {isa = PBXFileReference; explicitFileType = wrapper.cfbundle; includeInIndex = 0; path = ISOAssignment1Tests.xctest; sourceTree = BUILT_PRODUCTS_DIR; };
		0B8D40452FBF362100073B82 /* ISOAssignment1UITests.xctest */ = {isa = PBXFileReference; explicitFileType = wrapper.cfbundle; includeInIndex = 0; path = ISOAssignment1UITests.xctest; sourceTree = BUILT_PRODUCTS_DIR; };
/* End PBXFileReference section */

/* Begin PBXFileSystemSynchronizedRootGroup section */
		0B8D40302FBF361F00073B82 /* ISOAssignment1 */ = {
			isa = PBXFileSystemSynchronizedRootGroup;
			path = ISOAssignment1;
			sourceTree = "<group>";
		};
		0B8D403E2FBF362100073B82 /* ISOAssignment1Tests */ = {
			isa = PBXFileSystemSynchronizedRootGroup;
			path = ISOAssignment1Tests;
			sourceTree = "<group>";
		};
		0B8D40482FBF362100073B82 /* ISOAssignment1UITests */ = {
			isa = PBXFileSystemSynchronizedRootGroup;
			path = ISOAssignment1UITests;
			sourceTree = "<group>";
		};
/* End PBXFileSystemSynchronizedRootGroup section */

/* Begin PBXFrameworksBuildPhase section */
		0B8D402B2FBF361F00073B82 /* Frameworks */ = {
			isa = PBXFrameworksBuildPhase;
			buildActionMask = 2147483647;
			files = (
			);
			runOnlyForDeploymentPostprocessing = 0;
		};
		0B8D40382FBF362100073B82 /* Frameworks */ = {
			isa = PBXFrameworksBuildPhase;
			buildActionMask = 2147483647;
			files = (
			);
			runOnlyForDeploymentPostprocessing = 0;
		};
		0B8D40422FBF362100073B82 /* Frameworks */ = {
			isa = PBXFrameworksBuildPhase;
			buildActionMask = 2147483647;
			files = (
			);
			runOnlyForDeploymentPostprocessing = 0;
		};
/* End PBXFrameworksBuildPhase section */

/* Begin PBXGroup section */
		0B8D40252FBF361F00073B82 = {
			isa = PBXGroup;
			children = (
				0B8D40302FBF361F00073B82 /* ISOAssignment1 */,
				0B8D403E2FBF362100073B82 /* ISOAssignment1Tests */,
				0B8D40482FBF362100073B82 /* ISOAssignment1UITests */,
				0B8D402F2FBF361F00073B82 /* Products */,
			);
			sourceTree = "<group>";
		};
		0B8D402F2FBF361F00073B82 /* Products */ = {
			isa = PBXGroup;
			children = (
				0B8D402E2FBF361F00073B82 /* ISOAssignment1.app */,
				0B8D403B2FBF362100073B82 /* ISOAssignment1Tests.xctest */,
				0B8D40452FBF362100073B82 /* ISOAssignment1UITests.xctest */,
			);
			name = Products;
			sourceTree = "<group>";
		};
/* End PBXGroup section */

/* Begin PBXNativeTarget section */
		0B8D402D2FBF361F00073B82 /* ISOAssignment1 */ = {
			isa = PBXNativeTarget;
			buildConfigurationList = 0B8D404F2FBF362100073B82 /* Build configuration list for PBXNativeTarget "ISOAssignment1" */;
			buildPhases = (
				0B8D402A2FBF361F00073B82 /* Sources */,
				0B8D402B2FBF361F00073B82 /* Frameworks */,
				0B8D402C2FBF361F00073B82 /* Resources */,
			);
			buildRules = (
			);
			dependencies = (
			);
			fileSystemSynchronizedGroups = (
				0B8D40302FBF361F00073B82 /* ISOAssignment1 */,
			);
			name = ISOAssignment1;
			packageProductDependencies = (
			);
			productName = ISOAssignment1;
			productReference = 0B8D402E2FBF361F00073B82 /* ISOAssignment1.app */;
			productType = "com.apple.product-type.application";
		};
		0B8D403A2FBF362100073B82 /* ISOAssignment1Tests */ = {
			isa = PBXNativeTarget;
			buildConfigurationList = 0B8D40522FBF362100073B82 /* Build configuration list for PBXNativeTarget "ISOAssignment1Tests" */;
			buildPhases = (
				0B8D40372FBF362100073B82 /* Sources */,
				0B8D40382FBF362100073B82 /* Frameworks */,
				0B8D40392FBF362100073B82 /* Resources */,
			);
			buildRules = (
			);
			dependencies = (
				0B8D403D2FBF362100073B82 /* PBXTargetDependency */,
			);
			fileSystemSynchronizedGroups = (
				0B8D403E2FBF362100073B82 /* ISOAssignment1Tests */,
			);
			name = ISOAssignment1Tests;
			packageProductDependencies = (
			);
			productName = ISOAssignment1Tests;
			productReference = 0B8D403B2FBF362100073B82 /* ISOAssignment1Tests.xctest */;
			productType = "com.apple.product-type.bundle.unit-test";
		};
		0B8D40442FBF362100073B82 /* ISOAssignment1UITests */ = {
			isa = PBXNativeTarget;
			buildConfigurationList = 0B8D40552FBF362100073B82 /* Build configuration list for PBXNativeTarget "ISOAssignment1UITests" */;
			buildPhases = (
				0B8D40412FBF362100073B82 /* Sources */,
				0B8D40422FBF362100073B82 /* Frameworks */,
				0B8D40432FBF362100073B82 /* Resources */,
			);
			buildRules = (
			);
			dependencies = (
				0B8D40472FBF362100073B82 /* PBXTargetDependency */,
			);
			fileSystemSynchronizedGroups = (
				0B8D40482FBF362100073B82 /* ISOAssignment1UITests */,
			);
			name = ISOAssignment1UITests;
			packageProductDependencies = (
			);
			productName = ISOAssignment1UITests;
			productReference = 0B8D40452FBF362100073B82 /* ISOAssignment1UITests.xctest */;
			productType = "com.apple.product-type.bundle.ui-testing";
		};
/* End PBXNativeTarget section */

/* Begin PBXProject section */
		0B8D40262FBF361F00073B82 /* Project object */ = {
			isa = PBXProject;
			attributes = {
				BuildIndependentTargetsInParallel = 1;
				LastSwiftUpdateCheck = 1640;
				LastUpgradeCheck = 1640;
				TargetAttributes = {
					0B8D402D2FBF361F00073B82 = {
						CreatedOnToolsVersion = 16.4;
					};
					0B8D403A2FBF362100073B82 = {
						CreatedOnToolsVersion = 16.4;
						TestTargetID = 0B8D402D2FBF361F00073B82;
					};
					0B8D40442FBF362100073B82 = {
						CreatedOnToolsVersion = 16.4;
						TestTargetID = 0B8D402D2FBF361F00073B82;
					};
				};
			};
			buildConfigurationList = 0B8D40292FBF361F00073B82 /* Build configuration list for PBXProject "ISOAssignment1" */;
			developmentRegion = en;
			hasScannedForEncodings = 0;
			knownRegions = (
				en,
				Base,
			);
			mainGroup = 0B8D40252FBF361F00073B82;
			minimizedProjectReferenceProxies = 1;
			preferredProjectObjectVersion = 77;
			productRefGroup = 0B8D402F2FBF361F00073B82 /* Products */;
			projectDirPath = "";
			projectRoot = "";
			targets = (
				0B8D402D2FBF361F00073B82 /* ISOAssignment1 */,
				0B8D403A2FBF362100073B82 /* ISOAssignment1Tests */,
				0B8D40442FBF362100073B82 /* ISOAssignment1UITests */,
			);
		};
/* End PBXProject section */

/* Begin PBXResourcesBuildPhase section */
		0B8D402C2FBF361F00073B82 /* Resources */ = {
			isa = PBXResourcesBuildPhase;
			buildActionMask = 2147483647;
			files = (
			);
			runOnlyForDeploymentPostprocessing = 0;
		};
		0B8D40392FBF362100073B82 /* Resources */ = {
			isa = PBXResourcesBuildPhase;
			buildActionMask = 2147483647;
			files = (
			);
			runOnlyForDeploymentPostprocessing = 0;
		};
		0B8D40432FBF362100073B82 /* Resources */ = {
			isa = PBXResourcesBuildPhase;
			buildActionMask = 2147483647;
			files = (
			);
			runOnlyForDeploymentPostprocessing = 0;
		};
/* End PBXResourcesBuildPhase section */

/* Begin PBXSourcesBuildPhase section */
		0B8D402A2FBF361F00073B82 /* Sources */ = {
			isa = PBXSourcesBuildPhase;
			buildActionMask = 2147483647;
			files = (
			);
			runOnlyForDeploymentPostprocessing = 0;
		};
		0B8D40372FBF362100073B82 /* Sources */ = {
			isa = PBXSourcesBuildPhase;
			buildActionMask = 2147483647;
			files = (
			);
			runOnlyForDeploymentPostprocessing = 0;
		};
		0B8D40412FBF362100073B82 /* Sources */ = {
			isa = PBXSourcesBuildPhase;
			buildActionMask = 2147483647;
			files = (
			);
			runOnlyForDeploymentPostprocessing = 0;
		};
/* End PBXSourcesBuildPhase section */

/* Begin PBXTargetDependency section */
		0B8D403D2FBF362100073B82 /* PBXTargetDependency */ = {
			isa = PBXTargetDependency;
			target = 0B8D402D2FBF361F00073B82 /* ISOAssignment1 */;
			targetProxy = 0B8D403C2FBF362100073B82 /* PBXContainerItemProxy */;
		};
		0B8D40472FBF362100073B82 /* PBXTargetDependency */ = {
			isa = PBXTargetDependency;
			target = 0B8D402D2FBF361F00073B82 /* ISOAssignment1 */;
			targetProxy = 0B8D40462FBF362100073B82 /* PBXContainerItemProxy */;
		};
/* End PBXTargetDependency section */

/* Begin XCBuildConfiguration section */
		0B8D404D2FBF362100073B82 /* Debug */ = {
			isa = XCBuildConfiguration;
			buildSettings = {
				ALWAYS_SEARCH_USER_PATHS = NO;
				ASSETCATALOG_COMPILER_GENERATE_SWIFT_ASSET_SYMBOL_EXTENSIONS = YES;
				CLANG_ANALYZER_NONNULL = YES;
				CLANG_ANALYZER_NUMBER_OBJECT_CONVERSION = YES_AGGRESSIVE;
				CLANG_CXX_LANGUAGE_STANDARD = "gnu++20";
				CLANG_ENABLE_MODULES = YES;
				CLANG_ENABLE_OBJC_ARC = YES;
				CLANG_ENABLE_OBJC_WEAK = YES;
				CLANG_WARN_BLOCK_CAPTURE_AUTORELEASING = YES;
				CLANG_WARN_BOOL_CONVERSION = YES;
				CLANG_WARN_COMMA = YES;
				CLANG_WARN_CONSTANT_CONVERSION = YES;
				CLANG_WARN_DEPRECATED_OBJC_IMPLEMENTATIONS = YES;
				CLANG_WARN_DIRECT_OBJC_ISA_USAGE = YES_ERROR;
				CLANG_WARN_DOCUMENTATION_COMMENTS = YES;
				CLANG_WARN_EMPTY_BODY = YES;
				CLANG_WARN_ENUM_CONVERSION = YES;
				CLANG_WARN_INFINITE_RECURSION = YES;
				CLANG_WARN_INT_CONVERSION = YES;
				CLANG_WARN_NON_LITERAL_NULL_CONVERSION = YES;
				CLANG_WARN_OBJC_IMPLICIT_RETAIN_SELF = YES;
				CLANG_WARN_OBJC_LITERAL_CONVERSION = YES;
				CLANG_WARN_OBJC_ROOT_CLASS = YES_ERROR;
				CLANG_WARN_QUOTED_INCLUDE_IN_FRAMEWORK_HEADER = YES;
				CLANG_WARN_RANGE_LOOP_ANALYSIS = YES;
				CLANG_WARN_STRICT_PROTOTYPES = YES;
				CLANG_WARN_SUSPICIOUS_MOVE = YES;
				CLANG_WARN_UNGUARDED_AVAILABILITY = YES_AGGRESSIVE;
				CLANG_WARN_UNREACHABLE_CODE = YES;
				CLANG_WARN__DUPLICATE_METHOD_MATCH = YES;
				COPY_PHASE_STRIP = NO;
				DEBUG_INFORMATION_FORMAT = dwarf;
				ENABLE_STRICT_OBJC_MSGSEND = YES;
				ENABLE_TESTABILITY = YES;
				ENABLE_USER_SCRIPT_SANDBOXING = YES;
				GCC_C_LANGUAGE_STANDARD = gnu17;
				GCC_DYNAMIC_NO_PIC = NO;
				GCC_NO_COMMON_BLOCKS = YES;
				GCC_OPTIMIZATION_LEVEL = 0;
				GCC_PREPROCESSOR_DEFINITIONS = (
					"DEBUG=1",
					"$(inherited)",
				);
				GCC_WARN_64_TO_32_BIT_CONVERSION = YES;
				GCC_WARN_ABOUT_RETURN_TYPE = YES_ERROR;
				GCC_WARN_UNDECLARED_SELECTOR = YES;
				GCC_WARN_UNINITIALIZED_AUTOS = YES_AGGRESSIVE;
				GCC_WARN_UNUSED_FUNCTION = YES;
				GCC_WARN_UNUSED_VARIABLE = YES;
				IPHONEOS_DEPLOYMENT_TARGET = 18.5;
				LOCALIZATION_PREFERS_STRING_CATALOGS = YES;
				MTL_ENABLE_DEBUG_INFO = INCLUDE_SOURCE;
				MTL_FAST_MATH = YES;
				ONLY_ACTIVE_ARCH = YES;
				SDKROOT = iphoneos;
				SWIFT_ACTIVE_COMPILATION_CONDITIONS = "DEBUG $(inherited)";
				SWIFT_OPTIMIZATION_LEVEL = "-Onone";
			};
			name = Debug;
		};
		0B8D404E2FBF362100073B82 /* Release */ = {
			isa = XCBuildConfiguration;
			buildSettings = {
				ALWAYS_SEARCH_USER_PATHS = NO;
				ASSETCATALOG_COMPILER_GENERATE_SWIFT_ASSET_SYMBOL_EXTENSIONS = YES;
				CLANG_ANALYZER_NONNULL = YES;
				CLANG_ANALYZER_NUMBER_OBJECT_CONVERSION = YES_AGGRESSIVE;
				CLANG_CXX_LANGUAGE_STANDARD = "gnu++20";
				CLANG_ENABLE_MODULES = YES;
				CLANG_ENABLE_OBJC_ARC = YES;
				CLANG_ENABLE_OBJC_WEAK = YES;
				CLANG_WARN_BLOCK_CAPTURE_AUTORELEASING = YES;
				CLANG_WARN_BOOL_CONVERSION = YES;
				CLANG_WARN_COMMA = YES;
				CLANG_WARN_CONSTANT_CONVERSION = YES;
				CLANG_WARN_DEPRECATED_OBJC_IMPLEMENTATIONS = YES;
				CLANG_WARN_DIRECT_OBJC_ISA_USAGE = YES_ERROR;
				CLANG_WARN_DOCUMENTATION_COMMENTS = YES;
				CLANG_WARN_EMPTY_BODY = YES;
				CLANG_WARN_ENUM_CONVERSION = YES;
				CLANG_WARN_INFINITE_RECURSION = YES;
				CLANG_WARN_INT_CONVERSION = YES;
				CLANG_WARN_NON_LITERAL_NULL_CONVERSION = YES;
				CLANG_WARN_OBJC_IMPLICIT_RETAIN_SELF = YES;
				CLANG_WARN_OBJC_LITERAL_CONVERSION = YES;
				CLANG_WARN_OBJC_ROOT_CLASS = YES_ERROR;
				CLANG_WARN_QUOTED_INCLUDE_IN_FRAMEWORK_HEADER = YES;
				CLANG_WARN_RANGE_LOOP_ANALYSIS = YES;
				CLANG_WARN_STRICT_PROTOTYPES = YES;
				CLANG_WARN_SUSPICIOUS_MOVE = YES;
				CLANG_WARN_UNGUARDED_AVAILABILITY = YES_AGGRESSIVE;
				CLANG_WARN_UNREACHABLE_CODE = YES;
				CLANG_WARN__DUPLICATE_METHOD_MATCH = YES;
				COPY_PHASE_STRIP = NO;
				DEBUG_INFORMATION_FORMAT = "dwarf-with-dsym";
				ENABLE_NS_ASSERTIONS = NO;
				ENABLE_STRICT_OBJC_MSGSEND = YES;
				ENABLE_USER_SCRIPT_SANDBOXING = YES;
				GCC_C_LANGUAGE_STANDARD = gnu17;
				GCC_NO_COMMON_BLOCKS = YES;
				GCC_WARN_64_TO_32_BIT_CONVERSION = YES;
				GCC_WARN_ABOUT_RETURN_TYPE = YES_ERROR;
				GCC_WARN_UNDECLARED_SELECTOR = YES;
				GCC_WARN_UNINITIALIZED_AUTOS = YES_AGGRESSIVE;
				GCC_WARN_UNUSED_FUNCTION = YES;
				GCC_WARN_UNUSED_VARIABLE = YES;
				IPHONEOS_DEPLOYMENT_TARGET = 18.5;
				LOCALIZATION_PREFERS_STRING_CATALOGS = YES;
				MTL_ENABLE_DEBUG_INFO = NO;
				MTL_FAST_MATH = YES;
				SDKROOT = iphoneos;
				SWIFT_COMPILATION_MODE = wholemodule;
				VALIDATE_PRODUCT = YES;
			};
			name = Release;
		};
		0B8D40502FBF362100073B82 /* Debug */ = {
			isa = XCBuildConfiguration;
			buildSettings = {
				ASSETCATALOG_COMPILER_APPICON_NAME = AppIcon;
				ASSETCATALOG_COMPILER_GLOBAL_ACCENT_COLOR_NAME = AccentColor;
				CODE_SIGN_STYLE = Automatic;
				CURRENT_PROJECT_VERSION = 1;
				ENABLE_PREVIEWS = YES;
				GENERATE_INFOPLIST_FILE = YES;
				INFOPLIST_KEY_UIApplicationSceneManifest_Generation = YES;
				INFOPLIST_KEY_UIApplicationSupportsIndirectInputEvents = YES;
				INFOPLIST_KEY_UILaunchScreen_Generation = YES;
				INFOPLIST_KEY_UISupportedInterfaceOrientations_iPad = "UIInterfaceOrientationPortrait UIInterfaceOrientationPortraitUpsideDown UIInterfaceOrientationLandscapeLeft UIInterfaceOrientationLandscapeRight";
				INFOPLIST_KEY_UISupportedInterfaceOrientations_iPhone = "UIInterfaceOrientationPortrait UIInterfaceOrientationLandscapeLeft UIInterfaceOrientationLandscapeRight";
				LD_RUNPATH_SEARCH_PATHS = (
					"$(inherited)",
					"@executable_path/Frameworks",
				);
				MARKETING_VERSION = 1.0;
				PRODUCT_BUNDLE_IDENTIFIER = com.trios2026KWB.ISOAssignment1;
				PRODUCT_NAME = "$(TARGET_NAME)";
				SWIFT_EMIT_LOC_STRINGS = YES;
				SWIFT_VERSION = 5.0;
				TARGETED_DEVICE_FAMILY = "1,2";
			};
			name = Debug;
		};
		0B8D40512FBF362100073B82 /* Release */ = {
			isa = XCBuildConfiguration;
			buildSettings = {
				ASSETCATALOG_COMPILER_APPICON_NAME = AppIcon;
				ASSETCATALOG_COMPILER_GLOBAL_ACCENT_COLOR_NAME = AccentColor;
				CODE_SIGN_STYLE = Automatic;
				CURRENT_PROJECT_VERSION = 1;
				ENABLE_PREVIEWS = YES;
				GENERATE_INFOPLIST_FILE = YES;
				INFOPLIST_KEY_UIApplicationSceneManifest_Generation = YES;
				INFOPLIST_KEY_UIApplicationSupportsIndirectInputEvents = YES;
				INFOPLIST_KEY_UILaunchScreen_Generation = YES;
				INFOPLIST_KEY_UISupportedInterfaceOrientations_iPad = "UIInterfaceOrientationPortrait UIInterfaceOrientationPortraitUpsideDown UIInterfaceOrientationLandscapeLeft UIInterfaceOrientationLandscapeRight";
				INFOPLIST_KEY_UISupportedInterfaceOrientations_iPhone = "UIInterfaceOrientationPortrait UIInterfaceOrientationLandscapeLeft UIInterfaceOrientationLandscapeRight";
				LD_RUNPATH_SEARCH_PATHS = (
					"$(inherited)",
					"@executable_path/Frameworks",
				);
				MARKETING_VERSION = 1.0;
				PRODUCT_BUNDLE_IDENTIFIER = com.trios2026KWB.ISOAssignment1;
				PRODUCT_NAME = "$(TARGET_NAME)";
				SWIFT_EMIT_LOC_STRINGS = YES;
				SWIFT_VERSION = 5.0;
				TARGETED_DEVICE_FAMILY = "1,2";
			};
			name = Release;
		};
		0B8D40532FBF362100073B82 /* Debug */ = {
			isa = XCBuildConfiguration;
			buildSettings = {
				BUNDLE_LOADER = "$(TEST_HOST)";
				CODE_SIGN_STYLE = Automatic;
				CURRENT_PROJECT_VERSION = 1;
				GENERATE_INFOPLIST_FILE = YES;
				IPHONEOS_DEPLOYMENT_TARGET = 18.5;
				MARKETING_VERSION = 1.0;
				PRODUCT_BUNDLE_IDENTIFIER = com.trios2026KWB.ISOAssignment1Tests;
				PRODUCT_NAME = "$(TARGET_NAME)";
				SWIFT_EMIT_LOC_STRINGS = NO;
				SWIFT_VERSION = 5.0;
				TARGETED_DEVICE_FAMILY = "1,2";
				TEST_HOST = "$(BUILT_PRODUCTS_DIR)/ISOAssignment1.app/$(BUNDLE_EXECUTABLE_FOLDER_PATH)/ISOAssignment1";
			};
			name = Debug;
		};
		0B8D40542FBF362100073B82 /* Release */ = {
			isa = XCBuildConfiguration;
			buildSettings = {
				BUNDLE_LOADER = "$(TEST_HOST)";
				CODE_SIGN_STYLE = Automatic;
				CURRENT_PROJECT_VERSION = 1;
				GENERATE_INFOPLIST_FILE = YES;
				IPHONEOS_DEPLOYMENT_TARGET = 18.5;
				MARKETING_VERSION = 1.0;
				PRODUCT_BUNDLE_IDENTIFIER = com.trios2026KWB.ISOAssignment1Tests;
				PRODUCT_NAME = "$(TARGET_NAME)";
				SWIFT_EMIT_LOC_STRINGS = NO;
				SWIFT_VERSION = 5.0;
				TARGETED_DEVICE_FAMILY = "1,2";
				TEST_HOST = "$(BUILT_PRODUCTS_DIR)/ISOAssignment1.app/$(BUNDLE_EXECUTABLE_FOLDER_PATH)/ISOAssignment1";
			};
			name = Release;
		};
		0B8D40562FBF362100073B82 /* Debug */ = {
			isa = XCBuildConfiguration;
			buildSettings = {
				CODE_SIGN_STYLE = Automatic;
				CURRENT_PROJECT_VERSION = 1;
				GENERATE_INFOPLIST_FILE = YES;
				MARKETING_VERSION = 1.0;
				PRODUCT_BUNDLE_IDENTIFIER = com.trios2026KWB.ISOAssignment1UITests;
				PRODUCT_NAME = "$(TARGET_NAME)";
				SWIFT_EMIT_LOC_STRINGS = NO;
				SWIFT_VERSION = 5.0;
				TARGETED_DEVICE_FAMILY = "1,2";
				TEST_TARGET_NAME = ISOAssignment1;
			};
			name = Debug;
		};
		0B8D40572FBF362100073B82 /* Release */ = {
			isa = XCBuildConfiguration;
			buildSettings = {
				CODE_SIGN_STYLE = Automatic;
				CURRENT_PROJECT_VERSION = 1;
				GENERATE_INFOPLIST_FILE = YES;
				MARKETING_VERSION = 1.0;
				PRODUCT_BUNDLE_IDENTIFIER = com.trios2026KWB.ISOAssignment1UITests;
				PRODUCT_NAME = "$(TARGET_NAME)";
				SWIFT_EMIT_LOC_STRINGS = NO;
				SWIFT_VERSION = 5.0;
				TARGETED_DEVICE_FAMILY = "1,2";
				TEST_TARGET_NAME = ISOAssignment1;
			};
			name = Release;
		};
/* End XCBuildConfiguration section */

/* Begin XCConfigurationList section */
		0B8D40292FBF361F00073B82 /* Build configuration list for PBXProject "ISOAssignment1" */ = {
			isa = XCConfigurationList;
			buildConfigurations = (
				0B8D404D2FBF362100073B82 /* Debug */,
				0B8D404E2FBF362100073B82 /* Release */,
			);
			defaultConfigurationIsVisible = 0;
			defaultConfigurationName = Release;
		};
		0B8D404F2FBF362100073B82 /* Build configuration list for PBXNativeTarget "ISOAssignment1" */ = {
			isa = XCConfigurationList;
			buildConfigurations = (
				0B8D40502FBF362100073B82 /* Debug */,
				0B8D40512FBF362100073B82 /* Release */,
			);
			defaultConfigurationIsVisible = 0;
			defaultConfigurationName = Release;
		};
		0B8D40522FBF362100073B82 /* Build configuration list for PBXNativeTarget "ISOAssignment1Tests" */ = {
			isa = XCConfigurationList;
			buildConfigurations = (
				0B8D40532FBF362100073B82 /* Debug */,
				0B8D40542FBF362100073B82 /* Release */,
			);
			defaultConfigurationIsVisible = 0;
			defaultConfigurationName = Release;
		};
		0B8D40552FBF362100073B82 /* Build configuration list for PBXNativeTarget "ISOAssignment1UITests" */ = {
			isa = XCConfigurationList;
			buildConfigurations = (
				0B8D40562FBF362100073B82 /* Debug */,
				0B8D40572FBF362100073B82 /* Release */,
			);
			defaultConfigurationIsVisible = 0;
			defaultConfigurationName = Release;
		};
/* End XCConfigurationList section */
	};
	rootObject = 0B8D40262FBF361F00073B82 /* Project object */;
}
